
Microsoft Visual Studio Solution File, Format Version 12.00
# Visual Studio 15
VisualStudioVersion = 15.0.28307.329
MinimumVisualStudioVersion = 10.0.40219.1
Project("{FAE04EC0-301F-11D3-BF4B-00C04F79EFBC}") = "Site.UI", "Site.UI\Site.UI.csproj", "{8A52F9DA-5FF0-4154-BD46-CD5CBA113782}"
EndProject
Project("{FAE04EC0-301F-11D3-BF4B-00C04F79EFBC}") = "Site.Identity", "Site.Identity\Site.Identity.csproj", "{8E6198A7-3287-4341-A325-CD435ADECFE1}"
EndProject
Project("{FAE04EC0-301F-11D3-BF4B-00C04F79EFBC}") = "Site.Data.Entities", "Site.Data.Entities\Site.Data.Entities.csproj", "{E68E7965-45A2-4D58-B788-2AF9F5C855DF}"
EndProject
Global
	GlobalSection(SolutionConfigurationPlatforms) = preSolution
		Debug|Any CPU = Debug|Any CPU
		Release|Any CPU = Release|Any CPU
	EndGlobalSection
	GlobalSection(ProjectConfigurationPlatforms) = postSolution
		{8A52F9DA-5FF0-4154-BD46-CD5CBA113782}.Debug|Any CPU.ActiveCfg = Debug|Any CPU
		{8A52F9DA-5FF0-4154-BD46-CD5CBA113782}.Debug|Any CPU.Build.0 = Debug|Any CPU
		{8A52F9DA-5FF0-4154-BD46-CD5CBA113782}.Release|Any CPU.ActiveCfg = Release|Any CPU
		{8A52F9DA-5FF0-4154-BD46-CD5CBA113782}.Release|Any CPU.Build.0 = Release|Any CPU
		{8E6198A7-3287-4341-A325-CD435ADECFE1}.Debug|Any CPU.ActiveCfg = Debug|Any CPU
		{8E6198A7-3287-4341-A325-CD435ADECFE1}.Debug|Any CPU.Build.0 = Debug|Any CPU
		{8E6198A7-3287-4341-A325-CD435ADECFE1}.Release|Any CPU.ActiveCfg = Release|Any CPU
		{8E6198A7-3287-4341-A325-CD435ADECFE1}.Release|Any CPU.Build.0 = Release|Any CPU
		{E68E7965-45A2-4D58-B788-2AF9F5C855DF}.Debug|Any CPU.ActiveCfg = Debug|Any CPU
		{E68E7965-45A2-4D58-B788-2AF9F5C855DF}.Debug|Any CPU.Build.0 = Debug|Any CPU
		{E68E7965-45A2-4D58-B788-2AF9F5C855DF}.Release|Any CPU.ActiveCfg = Release|Any CPU
		{E68E7965-45A2-4D58-B788-2AF9F5C855DF}.Release|Any CPU.Build.0 = Release|Any CPU
	EndGlobalSection
	GlobalSection(SolutionProperties) = preSolution
		HideSolutionNode = FALSE
	EndGlobalSection
	GlobalSection(ExtensibilityGlobals) = postSolution
		SolutionGuid = {45B99C29-5499-4932-92DF-14204CCAF93E}
	EndGlobalSection
EndGlobal
